# THIS IS AN AUTOGENERATED FILE. DO NOT EDIT THIS FILE DIRECTLY.
# yarn lockfile v1


"@types/node@^6.0.52":
  version "6.0.85"
  resolved "https://registry.yarnpkg.com/@types/node/-/node-6.0.85.tgz#ec02bfe54a61044f2be44f13b389c6a0e8ee05ae"

ansi-styles@^3.1.0:
  version "3.2.0"
  resolved "https://registry.yarnpkg.com/ansi-styles/-/ansi-styles-3.2.0.tgz#c159b8d5be0f9e5a6f346dab94f16ce022161b88"
  dependencies:
    color-convert "^1.9.0"

camelcase-css@^1.0.1:
  version "1.0.1"
  resolved "https://registry.yarnpkg.com/camelcase-css/-/camelcase-css-1.0.1.tgz#157c4238265f5cf94a1dffde86446552cbf3f705"

chalk@^2.0.1:
  version "2.0.1"
  resolved "https://registry.yarnpkg.com/chalk/-/chalk-2.0.1.tgz#dbec49436d2ae15f536114e76d14656cdbc0f44d"
  dependencies:
    ansi-styles "^3.1.0"
    escape-string-regexp "^1.0.5"
    supports-color "^4.0.0"

color-convert@^1.9.0:
  version "1.9.0"
  resolved "https://registry.yarnpkg.com/color-convert/-/color-convert-1.9.0.tgz#1accf97dd739b983bf994d56fec8f95853641b7a"
  dependencies:
    color-name "^1.1.1"

color-name@^1.1.1:
  version "1.1.3"
  resolved "https://registry.yarnpkg.com/color-name/-/color-name-1.1.3.tgz#a7d0558bd89c42f795dd42328f740831ca53bc25"

css-selector-tokenizer@^0.7.0:
  version "0.7.0"
  resolved "https://registry.yarnpkg.com/css-selector-tokenizer/-/css-selector-tokenizer-0.7.0.tgz#e6988474ae8c953477bf5e7efecfceccd9cf4c86"
  dependencies:
    cssesc "^0.1.0"
    fastparse "^1.1.1"
    regexpu-core "^1.0.0"

cssesc@^0.1.0:
  version "0.1.0"
  resolved "https://registry.yarnpkg.com/cssesc/-/cssesc-0.1.0.tgz#c814903e45623371a0477b40109aaafbeeaddbb4"

escape-string-regexp@^1.0.5:
  version "1.0.5"
  resolved "https://registry.yarnpkg.com/escape-string-regexp/-/escape-string-regexp-1.0.5.tgz#1b61c0562190a8dff6ae3bb2cf0200ca130b86d4"

fastparse@^1.1.1:
  version "1.1.1"
  resolved "https://registry.yarnpkg.com/fastparse/-/fastparse-1.1.1.tgz#d1e2643b38a94d7583b479060e6c4affc94071f8"

flatten@^1.0.2:
  version "1.0.2"
  resolved "https://registry.yarnpkg.com/flatten/-/flatten-1.0.2.tgz#dae46a9d78fbe25292258cc1e780a41d95c03782"

has-flag@^2.0.0:
  version "2.0.0"
  resolved "https://registry.yarnpkg.com/has-flag/-/has-flag-2.0.0.tgz#e8207af1cc7b30d446cc70b734b5e8be18f88d51"

indexes-of@^1.0.1:
  version "1.0.1"
  resolved "https://registry.yarnpkg.com/indexes-of/-/indexes-of-1.0.1.tgz#f30f716c8e2bd346c7b67d3df3915566a7c05607"

jsesc@~0.5.0:
  version "0.5.0"
  resolved "https://registry.yarnpkg.com/jsesc/-/jsesc-0.5.0.tgz#e7dee66e35d6fc16f710fe91d5cf69f70f08911d"

kebab-case@^1.0.0:
  version "1.0.0"
  resolved "https://registry.yarnpkg.com/kebab-case/-/kebab-case-1.0.0.tgz#3f9e4990adcad0c686c0e701f7645868f75f91eb"

lodash@^4.17.4:
  version "4.17.4"
  resolved "https://registry.yarnpkg.com/lodash/-/lodash-4.17.4.tgz#78203a4d1c328ae1d86dca6460e369b57f4055ae"

postcss-js@^1.0.0:
  version "1.0.0"
  resolved "https://registry.yarnpkg.com/postcss-js/-/postcss-js-1.0.0.tgz#ccee5aa3b1970dd457008e79438165f66919ba30"
  dependencies:
    camelcase-css "^1.0.1"
    postcss "^6.0.1"

postcss-nested@^2.0.2:
  version "2.1.0"
  resolved "https://registry.yarnpkg.com/postcss-nested/-/postcss-nested-2.1.0.tgz#72661d79463f5894a8c4b890479baec689d1c693"
  dependencies:
    postcss "^6.0.8"
    postcss-selector-parser "^2.2.3"

postcss-safe-parser@^3.0.1:
  version "3.0.1"
  resolved "https://registry.yarnpkg.com/postcss-safe-parser/-/postcss-safe-parser-3.0.1.tgz#b753eff6c7c0aea5e8375fbe4cde8bf9063ff142"
  dependencies:
    postcss "^6.0.6"

postcss-selector-parser@^2.2.3:
  version "2.2.3"
  resolved "https://registry.yarnpkg.com/postcss-selector-parser/-/postcss-selector-parser-2.2.3.tgz#f9437788606c3c9acee16ffe8d8b16297f27bb90"
  dependencies:
    flatten "^1.0.2"
    indexes-of "^1.0.1"
    uniq "^1.0.1"

postcss@^6.0.1, postcss@^6.0.3, postcss@^6.0.6, postcss@^6.0.8:
  version "6.0.8"
  resolved "https://registry.yarnpkg.com/postcss/-/postcss-6.0.8.tgz#89067a9ce8b11f8a84cbc5117efc30419a0857b3"
  dependencies:
    chalk "^2.0.1"
    source-map "^0.5.6"
    supports-color "^4.2.0"

regenerate@^1.2.1:
  version "1.3.2"
  resolved "https://registry.yarnpkg.com/regenerate/-/regenerate-1.3.2.tgz#d1941c67bad437e1be76433add5b385f95b19260"

regexpu-core@^1.0.0:
  version "1.0.0"
  resolved "https://registry.yarnpkg.com/regexpu-core/-/regexpu-core-1.0.0.tgz#86a763f58ee4d7c2f6b102e4764050de7ed90c6b"
  dependencies:
    regenerate "^1.2.1"
    regjsgen "^0.2.0"
    regjsparser "^0.1.4"

regjsgen@^0.2.0:
  version "0.2.0"
  resolved "https://registry.yarnpkg.com/regjsgen/-/regjsgen-0.2.0.tgz#6c016adeac554f75823fe37ac05b92d5a4edb1f7"

regjsparser@^0.1.4:
  version "0.1.5"
  resolved "https://registry.yarnpkg.com/regjsparser/-/regjsparser-0.1.5.tgz#7ee8f84dc6fa792d3fd0ae228d24bd949ead205c"
  dependencies:
    jsesc "~0.5.0"

source-map@^0.5.6:
  version "0.5.6"
  resolved "https://registry.yarnpkg.com/source-map/-/source-map-0.5.6.tgz#75ce38f52bf0733c5a7f0c118d81334a2bb5f412"

stylable@^3.0.0:
  version "3.0.0"
  resolved "https://registry.yarnpkg.com/stylable/-/stylable-3.0.0.tgz#e409d7df9595f73d17d9b94ace70ea321a393a64"
  dependencies:
    camelcase-css "^1.0.1"
    css-selector-tokenizer "^0.7.0"
    kebab-case "^1.0.0"
    postcss "^6.0.3"
    postcss-js "^1.0.0"
    postcss-nested "^2.0.2"
    postcss-safe-parser "^3.0.1"
    stylis "^3.2.3"

stylis@^3.2.3:
  version "3.2.8"
  resolved "https://registry.yarnpkg.com/stylis/-/stylis-3.2.8.tgz#9b23a3e06597f7944a3d9ae880d5796248b8784f"

supports-color@^4.0.0, supports-color@^4.2.0:
  version "4.2.1"
  resolved "https://registry.yarnpkg.com/supports-color/-/supports-color-4.2.1.tgz#65a4bb2631e90e02420dba5554c375a4754bb836"
  dependencies:
    has-flag "^2.0.0"

typescript@^2.1.5:
  version "2.4.2"
  resolved "https://registry.yarnpkg.com/typescript/-/typescript-2.4.2.tgz#f8395f85d459276067c988aa41837a8f82870844"

uniq@^1.0.1:
  version "1.0.1"
  resolved "https://registry.yarnpkg.com/uniq/-/uniq-1.0.1.tgz#b31c5ae8254844a3a8281541ce2b04b865a734ff"

vscode-jsonrpc@^3.3.0:
  version "3.3.1"
  resolved "https://registry.yarnpkg.com/vscode-jsonrpc/-/vscode-jsonrpc-3.3.1.tgz#b7857be58b97af664a8cdd071c91891d6c7d6a67"

vscode-languageclient@^3.3.0:
  version "3.3.0"
  resolved "https://registry.yarnpkg.com/vscode-languageclient/-/vscode-languageclient-3.3.0.tgz#c761d020f9689acc8a8a5bae51453f381903493c"
  dependencies:
    vscode-jsonrpc "^3.3.0"
    vscode-languageserver-types "^3.3.0"

vscode-languageserver-types@^3.3.0:
  version "3.3.0"
  resolved "https://registry.yarnpkg.com/vscode-languageserver-types/-/vscode-languageserver-types-3.3.0.tgz#8964dc7c2247536fbefd2d6836bf3febac80dd00"

vscode-languageserver@^3.1.0:
  version "3.3.0"
  resolved "https://registry.yarnpkg.com/vscode-languageserver/-/vscode-languageserver-3.3.0.tgz#f547d4f0e5702f88ff3695bae5905f9604c8cc62"
  dependencies:
    vscode-jsonrpc "^3.3.0"
    vscode-languageserver-types "^3.3.0"
